// !$*UTF8*$!
{
	archiveVersion = 1;
	classes = {
	};
	objectVersion = 50;
	objects = {

/* Begin PBXBuildFile section */
		18EA6AAB227B34DF00789672 /* AppDelegate.swift in Sources */ = {isa = PBXBuildFile; fileRef = 18EA6AAA227B34DF00789672 /* AppDelegate.swift */; };
		18EA6AAD227B34DF00789672 /* ViewController.swift in Sources */ = {isa = PBXBuildFile; fileRef = 18EA6AAC227B34DF00789672 /* ViewController.swift */; };
		18EA6AB0227B34DF00789672 /* Main.storyboard in Resources */ = {isa = PBXBuildFile; fileRef = 18EA6AAE227B34DF00789672 /* Main.storyboard */; };
		18EA6AB2227B34E200789672 /* Assets.xcassets in Resources */ = {isa = PBXBuildFile; fileRef = 18EA6AB1227B34E200789672 /* Assets.xcassets */; };
		18EA6AB5227B34E200789672 /* LaunchScreen.storyboard in Resources */ = {isa = PBXBuildFile; fileRef = 18EA6AB3227B34E200789672 /* LaunchScreen.storyboard */; };
		18EA6AC0227B34E200789672 /* AboutMeTests.swift in Sources */ = {isa = PBXBuildFile; fileRef = 18EA6ABF227B34E200789672 /* AboutMeTests.swift */; };
		18EA6ACB227B34E200789672 /* AboutMeUITests.swift in Sources */ = {isa = PBXBuildFile; fileRef = 18EA6ACA227B34E200789672 /* AboutMeUITests.swift */; };
		18EA6AD9227B372100789672 /* yemo.png in Resources */ = {isa = PBXBuildFile; fileRef = 18EA6AD8227B372100789672 /* yemo.png */; };
/* End PBXBuildFile section */

/* Begin PBXContainerItemProxy section */
		18EA6ABC227B34E200789672 /* PBXContainerItemProxy */ = {
			isa = PBXContainerItemProxy;
			containerPortal = 18EA6A9F227B34DF00789672 /* Project object */;
			proxyType = 1;
			remoteGlobalIDString = 18EA6AA6227B34DF00789672;
			remoteInfo = AboutMe;
		};
		18EA6AC7227B34E200789672 /* PBXContainerItemProxy */ = {
			isa = PBXContainerItemProxy;
			containerPortal = 18EA6A9F227B34DF00789672 /* Project object */;
			proxyType = 1;
			remoteGlobalIDString = 18EA6AA6227B34DF00789672;
			remoteInfo = AboutMe;
		};
/* End PBXContainerItemProxy section */

/* Begin PBXFileReference section */
		18EA6AA7227B34DF00789672 /* AboutMe.app */ = {isa = PBXFileReference; explicitFileType = wrapper.application; includeInIndex = 0; path = AboutMe.app; sourceTree = BUILT_PRODUCTS_DIR; };
		18EA6AAA227B34DF00789672 /* AppDelegate.swift */ = {isa = PBXFileReference; lastKnownFileType = sourcecode.swift; path = AppDelegate.swift; sourceTree = "<group>"; };
		18EA6AAC227B34DF00789672 /* ViewController.swift */ = {isa = PBXFileReference; lastKnownFileType = sourcecode.swift; path = ViewController.swift; sourceTree = "<group>"; };
		18EA6AAF227B34DF00789672 /* Base */ = {isa = PBXFileReference; lastKnownFileType = file.storyboard; name = Base; path = Base.lproj/Main.storyboard; sourceTree = "<group>"; };
		18EA6AB1227B34E200789672 /* Assets.xcassets */ = {isa = PBXFileReference; lastKnownFileType = folder.assetcatalog; path = Assets.xcassets; sourceTree = "<group>"; };
		18EA6AB4227B34E200789672 /* Base */ = {isa = PBXFileReference; lastKnownFileType = file.storyboard; name = Base; path = Base.lproj/LaunchScreen.storyboard; sourceTree = "<group>"; };
		18EA6AB6227B34E200789672 /* Info.plist */ = {isa = PBXFileReference; lastKnownFileType = text.plist.xml; path = Info.plist; sourceTree = "<group>"; };
		18EA6ABB227B34E200789672 /* AboutMeTests.xctest */ = {isa = PBXFileReference; explicitFileType = wrapper.cfbundle; includeInIndex = 0; path = AboutMeTests.xctest; sourceTree = BUILT_PRODUCTS_DIR; };
		18EA6ABF227B34E200789672 /* AboutMeTests.swift */ = {isa = PBXFileReference; lastKnownFileType = sourcecode.swift; path = AboutMeTests.swift; sourceTree = "<group>"; };
		18EA6AC1227B34E200789672 /* Info.plist */ = {isa = PBXFileReference; lastKnownFileType = text.plist.xml; path = Info.plist; sourceTree = "<group>"; };
		18EA6AC6227B34E200789672 /* AboutMeUITests.xctest */ = {isa = PBXFileReference; explicitFileType = wrapper.cfbundle; includeInIndex = 0; path = AboutMeUITests.xctest; sourceTree = BUILT_PRODUCTS_DIR; };
		18EA6ACA227B34E200789672 /* AboutMeUITests.swift */ = {isa = PBXFileReference; lastKnownFileType = sourcecode.swift; path = AboutMeUITests.swift; sourceTree = "<group>"; };
		18EA6ACC227B34E200789672 /* Info.plist */ = {isa = PBXFileReference; lastKnownFileType = text.plist.xml; path = Info.plist; sourceTree = "<group>"; };
		18EA6AD8227B372100789672 /* yemo.png */ = {isa = PBXFileReference; lastKnownFileType = image.png; name = yemo.png; path = ../../../../Desktop/yemo.png; sourceTree = "<group>"; };
/* End PBXFileReference section */

/* Begin PBXFrameworksBuildPhase section */
		18EA6AA4227B34DF00789672 /* Frameworks */ = {
			isa = PBXFrameworksBuildPhase;
			buildActionMask = 2147483647;
			files = (
			);
			runOnlyForDeploymentPostprocessing = 0;
		};
		18EA6AB8227B34E200789672 /* Frameworks */ = {
			isa = PBXFrameworksBuildPhase;
			buildActionMask = 2147483647;
			files = (
			);
			runOnlyForDeploymentPostprocessing = 0;
		};
		18EA6AC3227B34E200789672 /* Frameworks */ = {
			isa = PBXFrameworksBuildPhase;
			buildActionMask = 2147483647;
			files = (
			);
			runOnlyForDeploymentPostprocessing = 0;
		};
/* End PBXFrameworksBuildPhase section */

/* Begin PBXGroup section */
		18EA6A9E227B34DF00789672 = {
			isa = PBXGroup;
			children = (
				18EA6AA9227B34DF00789672 /* AboutMe */,
				18EA6ABE227B34E200789672 /* AboutMeTests */,
				18EA6AC9227B34E200789672 /* AboutMeUITests */,
				18EA6AA8227B34DF00789672 /* Products */,
			);
			sourceTree = "<group>";
		};
		18EA6AA8227B34DF00789672 /* Products */ = {
			isa = PBXGroup;
			children = (
				18EA6AA7227B34DF00789672 /* AboutMe.app */,
				18EA6ABB227B34E200789672 /* AboutMeTests.xctest */,
				18EA6AC6227B34E200789672 /* AboutMeUITests.xctest */,
			);
			name = Products;
			sourceTree = "<group>";
		};
		18EA6AA9227B34DF00789672 /* AboutMe */ = {
			isa = PBXGroup;
			children = (
				18EA6AAA227B34DF00789672 /* AppDelegate.swift */,
				18EA6AAC227B34DF00789672 /* ViewController.swift */,
				18EA6AAE227B34DF00789672 /* Main.storyboard */,
				18EA6AD8227B372100789672 /* yemo.png */,
				18EA6AB1227B34E200789672 /* Assets.xcassets */,
				18EA6AB3227B34E200789672 /* LaunchScreen.storyboard */,
				18EA6AB6227B34E200789672 /* Info.plist */,
			);
			path = AboutMe;
			sourceTree = "<group>";
		};
		18EA6ABE227B34E200789672 /* AboutMeTests */ = {
			isa = PBXGroup;
			children = (
				18EA6ABF227B34E200789672 /* AboutMeTests.swift */,
				18EA6AC1227B34E200789672 /* Info.plist */,
			);
			path = AboutMeTests;
			sourceTree = "<group>";
		};
		18EA6AC9227B34E200789672 /* AboutMeUITests */ = {
			isa = PBXGroup;
			children = (
				18EA6ACA227B34E200789672 /* AboutMeUITests.swift */,
				18EA6ACC227B34E200789672 /* Info.plist */,
			);
			path = AboutMeUITests;
			sourceTree = "<group>";
		};
/* End PBXGroup section */

/* Begin PBXNativeTarget section */
		18EA6AA6227B34DF00789672 /* AboutMe */ = {
			isa = PBXNativeTarget;
			buildConfigurationList = 18EA6ACF227B34E200789672 /* Build configuration list for PBXNativeTarget "AboutMe" */;
			buildPhases = (
				18EA6AA3227B34DF00789672 /* Sources */,
				18EA6AA4227B34DF00789672 /* Frameworks */,
				18EA6AA5227B34DF00789672 /* Resources */,
			);
			buildRules = (
			);
			dependencies = (
			);
			name = AboutMe;
			productName = AboutMe;
			productReference = 18EA6AA7227B34DF00789672 /* AboutMe.app */;
			productType = "com.apple.product-type.application";
		};
		18EA6ABA227B34E200789672 /* AboutMeTests */ = {
			isa = PBXNativeTarget;
			buildConfigurationList = 18EA6AD2227B34E200789672 /* Build configuration list for PBXNativeTarget "AboutMeTests" */;
			buildPhases = (
				18EA6AB7227B34E200789672 /* Sources */,
				18EA6AB8227B34E200789672 /* Frameworks */,
				18EA6AB9227B34E200789672 /* Resources */,
			);
			buildRules = (
			);
			dependencies = (
				18EA6ABD227B34E200789672 /* PBXTargetDependency */,
			);
			name = AboutMeTests;
			productName = AboutMeTests;
			productReference = 18EA6ABB227B34E200789672 /* AboutMeTests.xctest */;
			productType = "com.apple.product-type.bundle.unit-test";
		};
		18EA6AC5227B34E200789672 /* AboutMeUITests */ = {
			isa = PBXNativeTarget;
			buildConfigurationList = 18EA6AD5227B34E200789672 /* Build configuration list for PBXNativeTarget "AboutMeUITests" */;
			buildPhases = (
				18EA6AC2227B34E200789672 /* Sources */,
				18EA6AC3227B34E200789672 /* Frameworks */,
				18EA6AC4227B34E200789672 /* Resources */,
			);
			buildRules = (
			);
			dependencies = (
				18EA6AC8227B34E200789672 /* PBXTargetDependency */,
			);
			name = AboutMeUITests;
			productName = AboutMeUITests;
			productReference = 18EA6AC6227B34E200789672 /* AboutMeUITests.xctest */;
			productType = "com.apple.product-type.bundle.ui-testing";
		};
/* End PBXNativeTarget section */

/* Begin PBXProject section */
		18EA6A9F227B34DF00789672 /* Project object */ = {
			isa = PBXProject;
			attributes = {
				LastSwiftUpdateCheck = 1010;
				LastUpgradeCheck = 1010;
				ORGANIZATIONNAME = Yerim;
				TargetAttributes = {
					18EA6AA6227B34DF00789672 = {
						CreatedOnToolsVersion = 10.1;
					};
					18EA6ABA227B34E200789672 = {
						CreatedOnToolsVersion = 10.1;
						TestTargetID = 18EA6AA6227B34DF00789672;
					};
					18EA6AC5227B34E200789672 = {
						CreatedOnToolsVersion = 10.1;
						TestTargetID = 18EA6AA6227B34DF00789672;
					};
				};
			};
			buildConfigurationList = 18EA6AA2227B34DF00789672 /* Build configuration list for PBXProject "AboutMe" */;
			compatibilityVersion = "Xcode 9.3";
			developmentRegion = en;
			hasScannedForEncodings = 0;
			knownRegions = (
				en,
				Base,
			);
			mainGroup = 18EA6A9E227B34DF00789672;
			productRefGroup = 18EA6AA8227B34DF00789672 /* Products */;
			projectDirPath = "";
			projectRoot = "";
			targets = (
				18EA6AA6227B34DF00789672 /* AboutMe */,
				18EA6ABA227B34E200789672 /* AboutMeTests */,
				18EA6AC5227B34E200789672 /* AboutMeUITests */,
			);
		};
/* End PBXProject section */

/* Begin PBXResourcesBuildPhase section */
		18EA6AA5227B34DF00789672 /* Resources */ = {
			isa = PBXResourcesBuildPhase;
			buildActionMask = 2147483647;
			files = (
				18EA6AB5227B34E200789672 /* LaunchScreen.storyboard in Resources */,
				18EA6AD9227B372100789672 /* yemo.png in Resources */,
				18EA6AB2227B34E200789672 /* Assets.xcassets in Resources */,
				18EA6AB0227B34DF00789672 /* Main.storyboard in Resources */,
			);
			runOnlyForDeploymentPostprocessing = 0;
		};
		18EA6AB9227B34E200789672 /* Resources */ = {
			isa = PBXResourcesBuildPhase;
			buildActionMask = 2147483647;
			files = (
			);
			runOnlyForDeploymentPostprocessing = 0;
		};
		18EA6AC4227B34E200789672 /* Resources */ = {
			isa = PBXResourcesBuildPhase;
			buildActionMask = 2147483647;
			files = (
			);
			runOnlyForDeploymentPostprocessing = 0;
		};
/* End PBXResourcesBuildPhase section */

/* Begin PBXSourcesBuildPhase section */
		18EA6AA3227B34DF00789672 /* Sources */ = {
			isa = PBXSourcesBuildPhase;
			buildActionMask = 2147483647;
			files = (
				18EA6AAD227B34DF00789672 /* ViewController.swift in Sources */,
				18EA6AAB227B34DF00789672 /* AppDelegate.swift in Sources */,
			);
			runOnlyForDeploymentPostprocessing = 0;
		};
		18EA6AB7227B34E200789672 /* Sources */ = {
			isa = PBXSourcesBuildPhase;
			buildActionMask = 2147483647;
			files = (
				18EA6AC0227B34E200789672 /* AboutMeTests.swift in Sources */,
			);
			runOnlyForDeploymentPostprocessing = 0;
		};
		18EA6AC2227B34E200789672 /* Sources */ = {
			isa = PBXSourcesBuildPhase;
			buildActionMask = 2147483647;
			files = (
				18EA6ACB227B34E200789672 /* AboutMeUITests.swift in Sources */,
			);
			runOnlyForDeploymentPostprocessing = 0;
		};
/* End PBXSourcesBuildPhase section */

/* Begin PBXTargetDependency section */
		18EA6ABD227B34E200789672 /* PBXTargetDependency */ = {
			isa = PBXTargetDependency;
			target = 18EA6AA6227B34DF00789672 /* AboutMe */;
			targetProxy = 18EA6ABC227B34E200789672 /* PBXContainerItemProxy */;
		};
		18EA6AC8227B34E200789672 /* PBXTargetDependency */ = {
			isa = PBXTargetDependency;
			target = 18EA6AA6227B34DF00789672 /* AboutMe */;
			targetProxy = 18EA6AC7227B34E200789672 /* PBXContainerItemProxy */;
		};
/* End PBXTargetDependency section */

/* Begin PBXVariantGroup section */
		18EA6AAE227B34DF00789672 /* Main.storyboard */ = {
			isa = PBXVariantGroup;
			children = (
				18EA6AAF227B34DF00789672 /* Base */,
			);
			name = Main.storyboard;
			sourceTree = "<group>";
		};
		18EA6AB3227B34E200789672 /* LaunchScreen.storyboard */ = {
			isa = PBXVariantGroup;
			children = (
				18EA6AB4227B34E200789672 /* Base */,
			);
			name = LaunchScreen.storyboard;
			sourceTree = "<group>";
		};
/* End PBXVariantGroup section */

/* Begin XCBuildConfiguration section */
		18EA6ACD227B34E200789672 /* Debug */ = {
			isa = XCBuildConfiguration;
			buildSettings = {
				ALWAYS_SEARCH_USER_PATHS = NO;
				CLANG_ANALYZER_NONNULL = YES;
				CLANG_ANALYZER_NUMBER_OBJECT_CONVERSION = YES_AGGRESSIVE;
				CLANG_CXX_LANGUAGE_STANDARD = "gnu++14";
				CLANG_CXX_LIBRARY = "libc++";
				CLANG_ENABLE_MODULES = YES;
				CLANG_ENABLE_OBJC_ARC = YES;
				CLANG_ENABLE_OBJC_WEAK = YES;
				CLANG_WARN_BLOCK_CAPTURE_AUTORELEASING = YES;
				CLANG_WARN_BOOL_CONVERSION = YES;
				CLANG_WARN_COMMA = YES;
				CLANG_WARN_CONSTANT_CONVERSION = YES;
				CLANG_WARN_DEPRECATED_OBJC_IMPLEMENTATIONS = YES;
				CLANG_WARN_DIRECT_OBJC_ISA_USAGE = YES_ERROR;
				CLANG_WARN_DOCUMENTATION_COMMENTS = YES;
				CLANG_WARN_EMPTY_BODY = YES;
				CLANG_WARN_ENUM_CONVERSION = YES;
				CLANG_WARN_INFINITE_RECURSION = YES;
				CLANG_WARN_INT_CONVERSION = YES;
				CLANG_WARN_NON_LITERAL_NULL_CONVERSION = YES;
				CLANG_WARN_OBJC_IMPLICIT_RETAIN_SELF = YES;
				CLANG_WARN_OBJC_LITERAL_CONVERSION = YES;
				CLANG_WARN_OBJC_ROOT_CLASS = YES_ERROR;
				CLANG_WARN_RANGE_LOOP_ANALYSIS = YES;
				CLANG_WARN_STRICT_PROTOTYPES = YES;
				CLANG_WARN_SUSPICIOUS_MOVE = YES;
				CLANG_WARN_UNGUARDED_AVAILABILITY = YES_AGGRESSIVE;
				CLANG_WARN_UNREACHABLE_CODE = YES;
				CLANG_WARN__DUPLICATE_METHOD_MATCH = YES;
				CODE_SIGN_IDENTITY = "iPhone Developer";
				COPY_PHASE_STRIP = NO;
				DEBUG_INFORMATION_FORMAT = dwarf;
				ENABLE_STRICT_OBJC_MSGSEND = YES;
				ENABLE_TESTABILITY = YES;
				GCC_C_LANGUAGE_STANDARD = gnu11;
				GCC_DYNAMIC_NO_PIC = NO;
				GCC_NO_COMMON_BLOCKS = YES;
				GCC_OPTIMIZATION_LEVEL = 0;
				GCC_PREPROCESSOR_DEFINITIONS = (
					"DEBUG=1",
					"$(inherited)",
				);
				GCC_WARN_64_TO_32_BIT_CONVERSION = YES;
				GCC_WARN_ABOUT_RETURN_TYPE = YES_ERROR;
				GCC_WARN_UNDECLARED_SELECTOR = YES;
				GCC_WARN_UNINITIALIZED_AUTOS = YES_AGGRESSIVE;
				GCC_WARN_UNUSED_FUNCTION = YES;
				GCC_WARN_UNUSED_VARIABLE = YES;
				IPHONEOS_DEPLOYMENT_TARGET = 12.1;
				MTL_ENABLE_DEBUG_INFO = INCLUDE_SOURCE;
				MTL_FAST_MATH = YES;
				ONLY_ACTIVE_ARCH = YES;
				SDKROOT = iphoneos;
				SWIFT_ACTIVE_COMPILATION_CONDITIONS = DEBUG;
				SWIFT_OPTIMIZATION_LEVEL = "-Onone";
			};
			name = Debug;
		};
		18EA6ACE227B34E200789672 /* Release */ = {
			isa = XCBuildConfiguration;
			buildSettings = {
				ALWAYS_SEARCH_USER_PATHS = NO;
				CLANG_ANALYZER_NONNULL = YES;
				CLANG_ANALYZER_NUMBER_OBJECT_CONVERSION = YES_AGGRESSIVE;
				CLANG_CXX_LANGUAGE_STANDARD = "gnu++14";
				CLANG_CXX_LIBRARY = "libc++";
				CLANG_ENABLE_MODULES = YES;
				CLANG_ENABLE_OBJC_ARC = YES;
				CLANG_ENABLE_OBJC_WEAK = YES;
				CLANG_WARN_BLOCK_CAPTURE_AUTORELEASING = YES;
				CLANG_WARN_BOOL_CONVERSION = YES;
				CLANG_WARN_COMMA = YES;
				CLANG_WARN_CONSTANT_CONVERSION = YES;
				CLANG_WARN_DEPRECATED_OBJC_IMPLEMENTATIONS = YES;
				CLANG_WARN_DIRECT_OBJC_ISA_USAGE = YES_ERROR;
				CLANG_WARN_DOCUMENTATION_COMMENTS = YES;
				CLANG_WARN_EMPTY_BODY = YES;
				CLANG_WARN_ENUM_CONVERSION = YES;
				CLANG_WARN_INFINITE_RECURSION = YES;
				CLANG_WARN_INT_CONVERSION = YES;
				CLANG_WARN_NON_LITERAL_NULL_CONVERSION = YES;
				CLANG_WARN_OBJC_IMPLICIT_RETAIN_SELF = YES;
				CLANG_WARN_OBJC_LITERAL_CONVERSION = YES;
				CLANG_WARN_OBJC_ROOT_CLASS = YES_ERROR;
				CLANG_WARN_RANGE_LOOP_ANALYSIS = YES;
				CLANG_WARN_STRICT_PROTOTYPES = YES;
				CLANG_WARN_SUSPICIOUS_MOVE = YES;
				CLANG_WARN_UNGUARDED_AVAILABILITY = YES_AGGRESSIVE;
				CLANG_WARN_UNREACHABLE_CODE = YES;
				CLANG_WARN__DUPLICATE_METHOD_MATCH = YES;
				CODE_SIGN_IDENTITY = "iPhone Developer";
				COPY_PHASE_STRIP = NO;
				DEBUG_INFORMATION_FORMAT = "dwarf-with-dsym";
				ENABLE_NS_ASSERTIONS = NO;
				ENABLE_STRICT_OBJC_MSGSEND = YES;
				GCC_C_LANGUAGE_STANDARD = gnu11;
				GCC_NO_COMMON_BLOCKS = YES;
				GCC_WARN_64_TO_32_BIT_CONVERSION = YES;
				GCC_WARN_ABOUT_RETURN_TYPE = YES_ERROR;
				GCC_WARN_UNDECLARED_SELECTOR = YES;
				GCC_WARN_UNINITIALIZED_AUTOS = YES_AGGRESSIVE;
				GCC_WARN_UNUSED_FUNCTION = YES;
				GCC_WARN_UNUSED_VARIABLE = YES;
				IPHONEOS_DEPLOYMENT_TARGET = 12.1;
				MTL_ENABLE_DEBUG_INFO = NO;
				MTL_FAST_MATH = YES;
				SDKROOT = iphoneos;
				SWIFT_COMPILATION_MODE = wholemodule;
				SWIFT_OPTIMIZATION_LEVEL = "-O";
				VALIDATE_PRODUCT = YES;
			};
			name = Release;
		};
		18EA6AD0227B34E200789672 /* Debug */ = {
			isa = XCBuildConfiguration;
			buildSettings = {
				ASSETCATALOG_COMPILER_APPICON_NAME = AppIcon;
				CODE_SIGN_STYLE = Automatic;
				INFOPLIST_FILE = AboutMe/Info.plist;
				LD_RUNPATH_SEARCH_PATHS = (
					"$(inherited)",
					"@executable_path/Frameworks",
				);
				PRODUCT_BUNDLE_IDENTIFIER = org.ssfs.AboutMe;
				PRODUCT_NAME = "$(TARGET_NAME)";
				SWIFT_VERSION = 4.2;
				TARGETED_DEVICE_FAMILY = "1,2";
			};
			name = Debug;
		};
		18EA6AD1227B34E200789672 /* Release */ = {
			isa = XCBuildConfiguration;
			buildSettings = {
				ASSETCATALOG_COMPILER_APPICON_NAME = AppIcon;
				CODE_SIGN_STYLE = Automatic;
				INFOPLIST_FILE = AboutMe/Info.plist;
				LD_RUNPATH_SEARCH_PATHS = (
					"$(inherited)",
					"@executable_path/Frameworks",
				);
				PRODUCT_BUNDLE_IDENTIFIER = org.ssfs.AboutMe;
				PRODUCT_NAME = "$(TARGET_NAME)";
				SWIFT_VERSION = 4.2;
				TARGETED_DEVICE_FAMILY = "1,2";
			};
			name = Release;
		};
		18EA6AD3227B34E200789672 /* Debug */ = {
			isa = XCBuildConfiguration;
			buildSettings = {
				ALWAYS_EMBED_SWIFT_STANDARD_LIBRARIES = YES;
				BUNDLE_LOADER = "$(TEST_HOST)";
				CODE_SIGN_STYLE = Automatic;
				INFOPLIST_FILE = AboutMeTests/Info.plist;
				LD_RUNPATH_SEARCH_PATHS = (
					"$(inherited)",
					"@executable_path/Frameworks",
					"@loader_path/Frameworks",
				);
				PRODUCT_BUNDLE_IDENTIFIER = org.ssfs.AboutMeTests;
				PRODUCT_NAME = "$(TARGET_NAME)";
				SWIFT_VERSION = 4.2;
				TARGETED_DEVICE_FAMILY = "1,2";
				TEST_HOST = "$(BUILT_PRODUCTS_DIR)/AboutMe.app/AboutMe";
			};
			name = Debug;
		};
		18EA6AD4227B34E200789672 /* Release */ = {
			isa = XCBuildConfiguration;
			buildSettings = {
				ALWAYS_EMBED_SWIFT_STANDARD_LIBRARIES = YES;
				BUNDLE_LOADER = "$(TEST_HOST)";
				CODE_SIGN_STYLE = Automatic;
				INFOPLIST_FILE = AboutMeTests/Info.plist;
				LD_RUNPATH_SEARCH_PATHS = (
					"$(inherited)",
					"@executable_path/Frameworks",
					"@loader_path/Frameworks",
				);
				PRODUCT_BUNDLE_IDENTIFIER = org.ssfs.AboutMeTests;
				PRODUCT_NAME = "$(TARGET_NAME)";
				SWIFT_VERSION = 4.2;
				TARGETED_DEVICE_FAMILY = "1,2";
				TEST_HOST = "$(BUILT_PRODUCTS_DIR)/AboutMe.app/AboutMe";
			};
			name = Release;
		};
		18EA6AD6227B34E200789672 /* Debug */ = {
			isa = XCBuildConfiguration;
			buildSettings = {
				ALWAYS_EMBED_SWIFT_STANDARD_LIBRARIES = YES;
				CODE_SIGN_STYLE = Automatic;
				INFOPLIST_FILE = AboutMeUITests/Info.plist;
				LD_RUNPATH_SEARCH_PATHS = (
					"$(inherited)",
					"@executable_path/Frameworks",
					"@loader_path/Frameworks",
				);
				PRODUCT_BUNDLE_IDENTIFIER = org.ssfs.AboutMeUITests;
				PRODUCT_NAME = "$(TARGET_NAME)";
				SWIFT_VERSION = 4.2;
				TARGETED_DEVICE_FAMILY = "1,2";
				TEST_TARGET_NAME = AboutMe;
			};
			name = Debug;
		};
		18EA6AD7227B34E200789672 /* Release */ = {
			isa = XCBuildConfiguration;
			buildSettings = {
				ALWAYS_EMBED_SWIFT_STANDARD_LIBRARIES = YES;
				CODE_SIGN_STYLE = Automatic;
				INFOPLIST_FILE = AboutMeUITests/Info.plist;
				LD_RUNPATH_SEARCH_PATHS = (
					"$(inherited)",
					"@executable_path/Frameworks",
					"@loader_path/Frameworks",
				);
				PRODUCT_BUNDLE_IDENTIFIER = org.ssfs.AboutMeUITests;
				PRODUCT_NAME = "$(TARGET_NAME)";
				SWIFT_VERSION = 4.2;
				TARGETED_DEVICE_FAMILY = "1,2";
				TEST_TARGET_NAME = AboutMe;
			};
			name = Release;
		};
/* End XCBuildConfiguration section */

/* Begin XCConfigurationList section */
		18EA6AA2227B34DF00789672 /* Build configuration list for PBXProject "AboutMe" */ = {
			isa = XCConfigurationList;
			buildConfigurations = (
				18EA6ACD227B34E200789672 /* Debug */,
				18EA6ACE227B34E200789672 /* Release */,
			);
			defaultConfigurationIsVisible = 0;
			defaultConfigurationName = Release;
		};
		18EA6ACF227B34E200789672 /* Build configuration list for PBXNativeTarget "AboutMe" */ = {
			isa = XCConfigurationList;
			buildConfigurations = (
				18EA6AD0227B34E200789672 /* Debug */,
				18EA6AD1227B34E200789672 /* Release */,
			);
			defaultConfigurationIsVisible = 0;
			defaultConfigurationName = Release;
		};
		18EA6AD2227B34E200789672 /* Build configuration list for PBXNativeTarget "AboutMeTests" */ = {
			isa = XCConfigurationList;
			buildConfigurations = (
				18EA6AD3227B34E200789672 /* Debug */,
				18EA6AD4227B34E200789672 /* Release */,
			);
			defaultConfigurationIsVisible = 0;
			defaultConfigurationName = Release;
		};
		18EA6AD5227B34E200789672 /* Build configuration list for PBXNativeTarget "AboutMeUITests" */ = {
			isa = XCConfigurationList;
			buildConfigurations = (
				18EA6AD6227B34E200789672 /* Debug */,
				18EA6AD7227B34E200789672 /* Release */,
			);
			defaultConfigurationIsVisible = 0;
			defaultConfigurationName = Release;
		};
/* End XCConfigurationList section */
	};
	rootObject = 18EA6A9F227B34DF00789672 /* Project object */;
}
